<Solution>
  <Folder Name="/src/">
    <Project Path="src/Orchestratum/Orchestratum.csproj" />
  </Folder>
  <Folder Name="/tests/">
    <Project Path="tests/Orchestratum.Example/Orchestratum.Example.csproj" />
    <Project Path="tests/Orchestratum.Tests/Orchestratum.Tests.csproj" />
  </Folder>
</Solution>
